
Microsoft Visual Studio Solution File, Format Version 12.00
# Visual Studio 15
VisualStudioVersion = 15.0.28307.136
MinimumVisualStudioVersion = 10.0.40219.1
Project("{9A19103F-16F7-4668-BE54-9A1E7A4F7556}") = "day08", "day08.csproj", "{93F62D09-3C3A-4B9E-A246-A4DDB791DDF9}"
EndProject
Project("{9A19103F-16F7-4668-BE54-9A1E7A4F7556}") = "day08tests", "..\tests\day08tests\day08tests.csproj", "{6A106108-9668-4778-BCF2-728D13094B7B}"
EndProject
Global
	GlobalSection(SolutionConfigurationPlatforms) = preSolution
		Debug|Any CPU = Debug|Any CPU
		Release|Any CPU = Release|Any CPU
	EndGlobalSection
	GlobalSection(ProjectConfigurationPlatforms) = postSolution
		{93F62D09-3C3A-4B9E-A246-A4DDB791DDF9}.Debug|Any CPU.ActiveCfg = Debug|Any CPU
		{93F62D09-3C3A-4B9E-A246-A4DDB791DDF9}.Debug|Any CPU.Build.0 = Debug|Any CPU
		{93F62D09-3C3A-4B9E-A246-A4DDB791DDF9}.Release|Any CPU.ActiveCfg = Release|Any CPU
		{93F62D09-3C3A-4B9E-A246-A4DDB791DDF9}.Release|Any CPU.Build.0 = Release|Any CPU
		{6A106108-9668-4778-BCF2-728D13094B7B}.Debug|Any CPU.ActiveCfg = Debug|Any CPU
		{6A106108-9668-4778-BCF2-728D13094B7B}.Debug|Any CPU.Build.0 = Debug|Any CPU
		{6A106108-9668-4778-BCF2-728D13094B7B}.Release|Any CPU.ActiveCfg = Release|Any CPU
		{6A106108-9668-4778-BCF2-728D13094B7B}.Release|Any CPU.Build.0 = Release|Any CPU
	EndGlobalSection
	GlobalSection(SolutionProperties) = preSolution
		HideSolutionNode = FALSE
	EndGlobalSection
	GlobalSection(ExtensibilityGlobals) = postSolution
		SolutionGuid = {C0B31FE5-16B2-4D43-A51C-B04B18715E27}
	EndGlobalSection
EndGlobal
