
Microsoft Visual Studio Solution File, Format Version 12.00
# Visual Studio 15
VisualStudioVersion = 15.0.28307.168
MinimumVisualStudioVersion = 10.0.40219.1
Project("{9A19103F-16F7-4668-BE54-9A1E7A4F7556}") = "day18", "day18.csproj", "{451E6741-A3BD-4FBC-B92D-CA11800CA949}"
EndProject
Project("{FAE04EC0-301F-11D3-BF4B-00C04F79EFBC}") = "day18tests", "..\tests\day18tests\day18tests.csproj", "{51BD2BC5-9CAD-4E6C-8272-948D78947035}"
EndProject
Global
	GlobalSection(SolutionConfigurationPlatforms) = preSolution
		Debug|Any CPU = Debug|Any CPU
		Release|Any CPU = Release|Any CPU
	EndGlobalSection
	GlobalSection(ProjectConfigurationPlatforms) = postSolution
		{451E6741-A3BD-4FBC-B92D-CA11800CA949}.Debug|Any CPU.ActiveCfg = Debug|Any CPU
		{451E6741-A3BD-4FBC-B92D-CA11800CA949}.Debug|Any CPU.Build.0 = Debug|Any CPU
		{451E6741-A3BD-4FBC-B92D-CA11800CA949}.Release|Any CPU.ActiveCfg = Release|Any CPU
		{451E6741-A3BD-4FBC-B92D-CA11800CA949}.Release|Any CPU.Build.0 = Release|Any CPU
		{51BD2BC5-9CAD-4E6C-8272-948D78947035}.Debug|Any CPU.ActiveCfg = Debug|Any CPU
		{51BD2BC5-9CAD-4E6C-8272-948D78947035}.Debug|Any CPU.Build.0 = Debug|Any CPU
		{51BD2BC5-9CAD-4E6C-8272-948D78947035}.Release|Any CPU.ActiveCfg = Release|Any CPU
		{51BD2BC5-9CAD-4E6C-8272-948D78947035}.Release|Any CPU.Build.0 = Release|Any CPU
	EndGlobalSection
	GlobalSection(SolutionProperties) = preSolution
		HideSolutionNode = FALSE
	EndGlobalSection
	GlobalSection(ExtensibilityGlobals) = postSolution
		SolutionGuid = {65818BC7-61FF-4282-91B8-2FF9BD962F28}
	EndGlobalSection
EndGlobal
