
Microsoft Visual Studio Solution File, Format Version 12.00
# Visual Studio 15
VisualStudioVersion = 15.0.28307.168
MinimumVisualStudioVersion = 10.0.40219.1
Project("{9A19103F-16F7-4668-BE54-9A1E7A4F7556}") = "day22", "day22.csproj", "{422AF626-D9E7-4B38-8049-DDC921D2D0FF}"
EndProject
Global
	GlobalSection(SolutionConfigurationPlatforms) = preSolution
		Debug|Any CPU = Debug|Any CPU
		Release|Any CPU = Release|Any CPU
	EndGlobalSection
	GlobalSection(ProjectConfigurationPlatforms) = postSolution
		{422AF626-D9E7-4B38-8049-DDC921D2D0FF}.Debug|Any CPU.ActiveCfg = Debug|Any CPU
		{422AF626-D9E7-4B38-8049-DDC921D2D0FF}.Debug|Any CPU.Build.0 = Debug|Any CPU
		{422AF626-D9E7-4B38-8049-DDC921D2D0FF}.Release|Any CPU.ActiveCfg = Release|Any CPU
		{422AF626-D9E7-4B38-8049-DDC921D2D0FF}.Release|Any CPU.Build.0 = Release|Any CPU
	EndGlobalSection
	GlobalSection(SolutionProperties) = preSolution
		HideSolutionNode = FALSE
	EndGlobalSection
	GlobalSection(ExtensibilityGlobals) = postSolution
		SolutionGuid = {7D5CF3F6-4F5B-4787-956A-B9ACA839FD42}
	EndGlobalSection
EndGlobal
