
Microsoft Visual Studio Solution File, Format Version 12.00
# Visual Studio 15
VisualStudioVersion = 15.0.28307.168
MinimumVisualStudioVersion = 10.0.40219.1
Project("{9A19103F-16F7-4668-BE54-9A1E7A4F7556}") = "day25", "day25.csproj", "{102D85EB-B186-4FE1-9FFD-8BF5FD03CA8E}"
EndProject
Global
	GlobalSection(SolutionConfigurationPlatforms) = preSolution
		Debug|Any CPU = Debug|Any CPU
		Release|Any CPU = Release|Any CPU
	EndGlobalSection
	GlobalSection(ProjectConfigurationPlatforms) = postSolution
		{102D85EB-B186-4FE1-9FFD-8BF5FD03CA8E}.Debug|Any CPU.ActiveCfg = Debug|Any CPU
		{102D85EB-B186-4FE1-9FFD-8BF5FD03CA8E}.Debug|Any CPU.Build.0 = Debug|Any CPU
		{102D85EB-B186-4FE1-9FFD-8BF5FD03CA8E}.Release|Any CPU.ActiveCfg = Release|Any CPU
		{102D85EB-B186-4FE1-9FFD-8BF5FD03CA8E}.Release|Any CPU.Build.0 = Release|Any CPU
	EndGlobalSection
	GlobalSection(SolutionProperties) = preSolution
		HideSolutionNode = FALSE
	EndGlobalSection
	GlobalSection(ExtensibilityGlobals) = postSolution
		SolutionGuid = {0BB1D24D-17B2-4708-B850-6673482EC85C}
	EndGlobalSection
EndGlobal
