
Microsoft Visual Studio Solution File, Format Version 12.00
# Visual Studio 15
VisualStudioVersion = 15.0.28307.168
MinimumVisualStudioVersion = 10.0.40219.1
Project("{9A19103F-16F7-4668-BE54-9A1E7A4F7556}") = "day16", "day16.csproj", "{8BA73AFE-1F29-45C5-A472-0EF563912A15}"
EndProject
Project("{FAE04EC0-301F-11D3-BF4B-00C04F79EFBC}") = "day16tests", "..\tests\day16tests\day16tests.csproj", "{574623AE-D6A1-4049-86C2-A9D5AC7A175E}"
EndProject
Global
	GlobalSection(SolutionConfigurationPlatforms) = preSolution
		Debug|Any CPU = Debug|Any CPU
		Release|Any CPU = Release|Any CPU
	EndGlobalSection
	GlobalSection(ProjectConfigurationPlatforms) = postSolution
		{8BA73AFE-1F29-45C5-A472-0EF563912A15}.Debug|Any CPU.ActiveCfg = Debug|Any CPU
		{8BA73AFE-1F29-45C5-A472-0EF563912A15}.Debug|Any CPU.Build.0 = Debug|Any CPU
		{8BA73AFE-1F29-45C5-A472-0EF563912A15}.Release|Any CPU.ActiveCfg = Release|Any CPU
		{8BA73AFE-1F29-45C5-A472-0EF563912A15}.Release|Any CPU.Build.0 = Release|Any CPU
		{574623AE-D6A1-4049-86C2-A9D5AC7A175E}.Debug|Any CPU.ActiveCfg = Debug|Any CPU
		{574623AE-D6A1-4049-86C2-A9D5AC7A175E}.Debug|Any CPU.Build.0 = Debug|Any CPU
		{574623AE-D6A1-4049-86C2-A9D5AC7A175E}.Release|Any CPU.ActiveCfg = Release|Any CPU
		{574623AE-D6A1-4049-86C2-A9D5AC7A175E}.Release|Any CPU.Build.0 = Release|Any CPU
	EndGlobalSection
	GlobalSection(SolutionProperties) = preSolution
		HideSolutionNode = FALSE
	EndGlobalSection
	GlobalSection(ExtensibilityGlobals) = postSolution
		SolutionGuid = {40C809A8-3D8B-4EE7-9FAB-6134AEA9DD5D}
	EndGlobalSection
EndGlobal
